{
  "name": "@pezkuwi/vanitygen",
  "version": "1.0.0",
  "lockfileVersion": 3,
  "requires": true,
  "packages": {
    "": {
      "name": "@pezkuwi/vanitygen",
      "version": "1.0.0",
      "license": "Apache-2.0",
      "dependencies": {
        "@pezkuwi/util": "^14.0.11",
        "@pezkuwi/util-crypto": "^14.0.11",
        "tslib": "^2.8.1",
        "yargs": "^17.7.2"
      },
      "bin": {
        "pezkuwi-vanitygen": "runcli.mjs"
      },
      "devDependencies": {
        "@types/node": "^22.10.5",
        "@types/yargs": "^17.0.33",
        "typescript": "^5.9.3"
      },
      "engines": {
        "node": ">=18"
      }
    },
    "node_modules/@noble/curves": {
      "version": "1.9.7",
      "resolved": "https://registry.npmjs.org/@noble/curves/-/curves-1.9.7.tgz",
      "integrity": "sha512-gbKGcRUYIjA3/zCCNaWDciTMFI0dCkvou3TL8Zmy5Nc7sJ47a0jtOeZoTaMxkuqRo9cRhjOdZJXegxYE5FN/xw==",
      "license": "MIT",
      "dependencies": {
        "@noble/hashes": "1.8.0"
      },
      "engines": {
        "node": "^14.21.3 || >=16"
      },
      "funding": {
        "url": "https://paulmillr.com/funding/"
      }
    },
    "node_modules/@noble/hashes": {
      "version": "1.8.0",
      "resolved": "https://registry.npmjs.org/@noble/hashes/-/hashes-1.8.0.tgz",
      "integrity": "sha512-jCs9ldd7NwzpgXDIf6P3+NrHh9/sD6CQdxHyjQI+h/6rDNo88ypBxxz45UDuZHz9r3tNz7N/VInSVoVdtXEI4A==",
      "license": "MIT",
      "engines": {
        "node": "^14.21.3 || >=16"
      },
      "funding": {
        "url": "https://paulmillr.com/funding/"
      }
    },
    "node_modules/@pezkuwi/networks": {
      "version": "14.0.11",
      "resolved": "https://registry.npmjs.org/@pezkuwi/networks/-/networks-14.0.11.tgz",
      "integrity": "sha512-vdWfYe1fyRDbqhFDYwn/kVu6bp18Gx0dxYaF2DDhgIH5KWew5Hcib7hmydgIsT+t7LOi5NPKGUF59/1eorV9Pg==",
      "license": "Apache-2.0",
      "dependencies": {
        "@pezkuwi/util": "14.0.11",
        "@substrate/ss58-registry": "^1.51.0",
        "tslib": "^2.8.0"
      },
      "engines": {
        "node": ">=18"
      }
    },
    "node_modules/@pezkuwi/util": {
      "version": "14.0.11",
      "resolved": "https://registry.npmjs.org/@pezkuwi/util/-/util-14.0.11.tgz",
      "integrity": "sha512-I/BLTMNzaAMIAIbNBpo2txeo2OZWmPL0jUNyYyY3cH9J+2qLqYs+gDr5mBFO2XVTV+tS7sDlVFdIy9yyfLqCgg==",
      "license": "Apache-2.0",
      "dependencies": {
        "@pezkuwi/x-bigint": "14.0.11",
        "@pezkuwi/x-global": "14.0.11",
        "@pezkuwi/x-textdecoder": "14.0.11",
        "@pezkuwi/x-textencoder": "14.0.11",
        "@types/bn.js": "^5.1.6",
        "bn.js": "^5.2.1",
        "tslib": "^2.8.0"
      },
      "engines": {
        "node": ">=18"
      }
    },
    "node_modules/@pezkuwi/util-crypto": {
      "version": "14.0.11",
      "resolved": "https://registry.npmjs.org/@pezkuwi/util-crypto/-/util-crypto-14.0.11.tgz",
      "integrity": "sha512-uqq1SixUmSttnS8cDXwk5iWgmGozqAcR7VMoU1CsNguhy7wm6+J6kml1pracLhSDQ9Pze30FZqbNPG48ZbWkYA==",
      "license": "Apache-2.0",
      "dependencies": {
        "@noble/curves": "^1.3.0",
        "@noble/hashes": "^1.3.3",
        "@pezkuwi/networks": "14.0.11",
        "@pezkuwi/util": "14.0.11",
        "@pezkuwi/wasm-crypto": "^7.5.4",
        "@pezkuwi/wasm-util": "^7.5.4",
        "@pezkuwi/x-bigint": "14.0.11",
        "@pezkuwi/x-randomvalues": "14.0.11",
        "@scure/base": "^1.1.7",
        "@scure/sr25519": "^0.2.0",
        "tslib": "^2.8.0"
      },
      "engines": {
        "node": ">=18"
      },
      "peerDependencies": {
        "@pezkuwi/util": "14.0.11"
      }
    },
    "node_modules/@pezkuwi/wasm-bridge": {
      "version": "7.5.4",
      "resolved": "https://registry.npmjs.org/@pezkuwi/wasm-bridge/-/wasm-bridge-7.5.4.tgz",
      "integrity": "sha512-UK2SzudaitB3ohXyJQj6K289KReqmiXPXf1Ml4fc87NMSv665d+WYtIW500SR4IlLKp0yfIbvW1VewBz2KIhIw==",
      "license": "Apache-2.0",
      "dependencies": {
        "@pezkuwi/wasm-util": "7.5.3",
        "tslib": "^2.7.0"
      },
      "engines": {
        "node": ">=18"
      },
      "peerDependencies": {
        "@pezkuwi/util": "*",
        "@pezkuwi/x-randomvalues": "*"
      }
    },
    "node_modules/@pezkuwi/wasm-bridge/node_modules/@pezkuwi/wasm-util": {
      "version": "7.5.3",
      "resolved": "https://registry.npmjs.org/@pezkuwi/wasm-util/-/wasm-util-7.5.3.tgz",
      "integrity": "sha512-q0nWKtW8eESANGSb9E9K/Omgh++/a/DAUxtx4CGHAKtDu6hURGYxh3SuEEghueeOuY4MX+Fu5gc0R6V/Z0po+g==",
      "license": "Apache-2.0",
      "dependencies": {
        "tslib": "^2.7.0"
      },
      "engines": {
        "node": ">=18"
      },
      "peerDependencies": {
        "@pezkuwi/util": "*"
      }
    },
    "node_modules/@pezkuwi/wasm-crypto": {
      "version": "7.5.4",
      "resolved": "https://registry.npmjs.org/@pezkuwi/wasm-crypto/-/wasm-crypto-7.5.4.tgz",
      "integrity": "sha512-6VDQ1MJnaqt73ezxuf6NOqYJfsrCJ4qPjZoOFmTjNZt9qKNxDpsw0+3mWsszJvKg0hVsy2vAGoFoVIKf+4pHvg==",
      "license": "Apache-2.0",
      "dependencies": {
        "@pezkuwi/wasm-bridge": "7.5.4",
        "@pezkuwi/wasm-crypto-asmjs": "7.5.4",
        "@pezkuwi/wasm-crypto-init": "7.5.4",
        "@pezkuwi/wasm-crypto-wasm": "7.5.4",
        "@pezkuwi/wasm-util": "7.5.4",
        "tslib": "^2.7.0"
      },
      "engines": {
        "node": ">=18"
      },
      "peerDependencies": {
        "@pezkuwi/util": "*",
        "@pezkuwi/x-randomvalues": "*"
      }
    },
    "node_modules/@pezkuwi/wasm-crypto-asmjs": {
      "version": "7.5.4",
      "resolved": "https://registry.npmjs.org/@pezkuwi/wasm-crypto-asmjs/-/wasm-crypto-asmjs-7.5.4.tgz",
      "integrity": "sha512-zYBTwm9WbDeUuMzn56HHeA13WfWwDEEe0ojH3i0yiuis1Mo6Ie0J3ii7X7gai17Hbnv9ydfgaePvUHUDjt5PQQ==",
      "license": "Apache-2.0",
      "dependencies": {
        "tslib": "^2.7.0"
      },
      "engines": {
        "node": ">=18"
      },
      "peerDependencies": {
        "@pezkuwi/util": "*"
      }
    },
    "node_modules/@pezkuwi/wasm-crypto-init": {
      "version": "7.5.4",
      "resolved": "https://registry.npmjs.org/@pezkuwi/wasm-crypto-init/-/wasm-crypto-init-7.5.4.tgz",
      "integrity": "sha512-Ie4kQtcj/8J9XaMcnjW0rn9yCCFOHAMwckyfOhddwErxW9p7IzZeEEAxhiI34LaR3OV3/yO3gm8W90WN+k6FCQ==",
      "license": "Apache-2.0",
      "dependencies": {
        "@pezkuwi/wasm-bridge": "7.5.4",
        "@pezkuwi/wasm-crypto-asmjs": "7.5.4",
        "@pezkuwi/wasm-crypto-wasm": "7.5.4",
        "@pezkuwi/wasm-util": "7.5.4",
        "tslib": "^2.7.0"
      },
      "engines": {
        "node": ">=18"
      },
      "peerDependencies": {
        "@pezkuwi/util": "*",
        "@pezkuwi/x-randomvalues": "*"
      }
    },
    "node_modules/@pezkuwi/wasm-crypto-wasm": {
      "version": "7.5.4",
      "resolved": "https://registry.npmjs.org/@pezkuwi/wasm-crypto-wasm/-/wasm-crypto-wasm-7.5.4.tgz",
      "integrity": "sha512-f2Et7jfZ5shYsmDHTuvDjcl+rg3dVGZqXlhx2KnpyGH5jebA8ULaUGxtmO9vUUJjs/rMkJkCNYrZ0YneYtLe4A==",
      "license": "Apache-2.0",
      "dependencies": {
        "@pezkuwi/wasm-util": "7.5.4",
        "tslib": "^2.7.0"
      },
      "engines": {
        "node": ">=18"
      },
      "peerDependencies": {
        "@pezkuwi/util": "*"
      }
    },
    "node_modules/@pezkuwi/wasm-util": {
      "version": "7.5.4",
      "resolved": "https://registry.npmjs.org/@pezkuwi/wasm-util/-/wasm-util-7.5.4.tgz",
      "integrity": "sha512-DyWWG8Sn7txg2VltSBqF/0zQCYQ0MNNSkrfHKTOOz6esC1abCDq5LKh8rPqy1IQoeD+lUFubIDmNW3G9pH9lfg==",
      "license": "Apache-2.0",
      "dependencies": {
        "tslib": "^2.7.0"
      },
      "engines": {
        "node": ">=18"
      },
      "peerDependencies": {
        "@pezkuwi/util": "*"
      }
    },
    "node_modules/@pezkuwi/x-bigint": {
      "version": "14.0.11",
      "resolved": "https://registry.npmjs.org/@pezkuwi/x-bigint/-/x-bigint-14.0.11.tgz",
      "integrity": "sha512-pDB2pSbUCni0XwXCgz2rAZ9LNuGA+aV2v3l+duYDc4NmEhtUapVJ6mEz9+cXCCoVdDz1BDJ3zjBgcwMjmhbcHA==",
      "license": "Apache-2.0",
      "dependencies": {
        "@pezkuwi/x-global": "14.0.11",
        "tslib": "^2.8.0"
      },
      "engines": {
        "node": ">=18"
      }
    },
    "node_modules/@pezkuwi/x-global": {
      "version": "14.0.11",
      "resolved": "https://registry.npmjs.org/@pezkuwi/x-global/-/x-global-14.0.11.tgz",
      "integrity": "sha512-vSg8j/aUZG3LFW3Awyq50mAWlJRqpoH8JXwOTGb3RRHZnYezMtbunwcw3tgyxP6NhzyGnA4u47vRBls/SeQFYg==",
      "license": "Apache-2.0",
      "dependencies": {
        "tslib": "^2.8.0"
      },
      "engines": {
        "node": ">=18"
      }
    },
    "node_modules/@pezkuwi/x-randomvalues": {
      "version": "14.0.11",
      "resolved": "https://registry.npmjs.org/@pezkuwi/x-randomvalues/-/x-randomvalues-14.0.11.tgz",
      "integrity": "sha512-8HStYeXrNvD6/Zk/RkOz98mIHBv/gGBZ8nLZkjWKsn/PFTPNZbM9hhDwsb98Ky/ZS1ssZWWVg19iH1jHaJ8nYQ==",
      "license": "Apache-2.0",
      "dependencies": {
        "@pezkuwi/x-global": "14.0.11",
        "tslib": "^2.8.0"
      },
      "engines": {
        "node": ">=18"
      },
      "peerDependencies": {
        "@pezkuwi/util": "14.0.11",
        "@pezkuwi/wasm-util": "*"
      }
    },
    "node_modules/@pezkuwi/x-textdecoder": {
      "version": "14.0.11",
      "resolved": "https://registry.npmjs.org/@pezkuwi/x-textdecoder/-/x-textdecoder-14.0.11.tgz",
      "integrity": "sha512-evI/8AYnU1V0mb7MgEoSX4CZJSPw5kjaJB9lQ3jJ93Ei+eaHzR1hH39U+jg1JA4mLXYFVcj9VtdtzKPL6kSv/Q==",
      "license": "Apache-2.0",
      "dependencies": {
        "@pezkuwi/x-global": "14.0.11",
        "tslib": "^2.8.0"
      },
      "engines": {
        "node": ">=18"
      }
    },
    "node_modules/@pezkuwi/x-textencoder": {
      "version": "14.0.11",
      "resolved": "https://registry.npmjs.org/@pezkuwi/x-textencoder/-/x-textencoder-14.0.11.tgz",
      "integrity": "sha512-Sx+dUhoRdaPJOITdpbrI1QEgA6+Xaxe3INUxrr2tD9NdcSMjzQD44r0I4exdtOVJUCuvPF8z9glhqn5OzVQRKw==",
      "license": "Apache-2.0",
      "dependencies": {
        "@pezkuwi/x-global": "14.0.11",
        "tslib": "^2.8.0"
      },
      "engines": {
        "node": ">=18"
      }
    },
    "node_modules/@scure/base": {
      "version": "1.2.6",
      "resolved": "https://registry.npmjs.org/@scure/base/-/base-1.2.6.tgz",
      "integrity": "sha512-g/nm5FgUa//MCj1gV09zTJTaM6KBAHqLN907YVQqf7zC49+DcO4B1so4ZX07Ef10Twr6nuqYEH9GEggFXA4Fmg==",
      "license": "MIT",
      "funding": {
        "url": "https://paulmillr.com/funding/"
      }
    },
    "node_modules/@scure/sr25519": {
      "version": "0.2.0",
      "resolved": "https://registry.npmjs.org/@scure/sr25519/-/sr25519-0.2.0.tgz",
      "integrity": "sha512-uUuLP7Z126XdSizKtrCGqYyR3b3hYtJ6Fg/XFUXmc2//k2aXHDLqZwFeXxL97gg4XydPROPVnuaHGF2+xriSKg==",
      "license": "MIT",
      "dependencies": {
        "@noble/curves": "~1.9.2",
        "@noble/hashes": "~1.8.0"
      },
      "funding": {
        "url": "https://paulmillr.com/funding/"
      }
    },
    "node_modules/@substrate/ss58-registry": {
      "version": "1.51.0",
      "resolved": "https://registry.npmjs.org/@substrate/ss58-registry/-/ss58-registry-1.51.0.tgz",
      "integrity": "sha512-TWDurLiPxndFgKjVavCniytBIw+t4ViOi7TYp9h/D0NMmkEc9klFTo+827eyEJ0lELpqO207Ey7uGxUa+BS1jQ==",
      "license": "Apache-2.0"
    },
    "node_modules/@types/bn.js": {
      "version": "5.2.0",
      "resolved": "https://registry.npmjs.org/@types/bn.js/-/bn.js-5.2.0.tgz",
      "integrity": "sha512-DLbJ1BPqxvQhIGbeu8VbUC1DiAiahHtAYvA0ZEAa4P31F7IaArc8z3C3BRQdWX4mtLQuABG4yzp76ZrS02Ui1Q==",
      "license": "MIT",
      "dependencies": {
        "@types/node": "*"
      }
    },
    "node_modules/@types/node": {
      "version": "22.19.5",
      "resolved": "https://registry.npmjs.org/@types/node/-/node-22.19.5.tgz",
      "integrity": "sha512-HfF8+mYcHPcPypui3w3mvzuIErlNOh2OAG+BCeBZCEwyiD5ls2SiCwEyT47OELtf7M3nHxBdu0FsmzdKxkN52Q==",
      "license": "MIT",
      "dependencies": {
        "undici-types": "~6.21.0"
      }
    },
    "node_modules/@types/yargs": {
      "version": "17.0.35",
      "resolved": "https://registry.npmjs.org/@types/yargs/-/yargs-17.0.35.tgz",
      "integrity": "sha512-qUHkeCyQFxMXg79wQfTtfndEC+N9ZZg76HJftDJp+qH2tV7Gj4OJi7l+PiWwJ+pWtW8GwSmqsDj/oymhrTWXjg==",
      "dev": true,
      "license": "MIT",
      "dependencies": {
        "@types/yargs-parser": "*"
      }
    },
    "node_modules/@types/yargs-parser": {
      "version": "21.0.3",
      "resolved": "https://registry.npmjs.org/@types/yargs-parser/-/yargs-parser-21.0.3.tgz",
      "integrity": "sha512-I4q9QU9MQv4oEOz4tAHJtNz1cwuLxn2F3xcc2iV5WdqLPpUnj30aUuxt1mAxYTG+oe8CZMV/+6rU4S4gRDzqtQ==",
      "dev": true,
      "license": "MIT"
    },
    "node_modules/ansi-regex": {
      "version": "5.0.1",
      "resolved": "https://registry.npmjs.org/ansi-regex/-/ansi-regex-5.0.1.tgz",
      "integrity": "sha512-quJQXlTSUGL2LH9SUXo8VwsY4soanhgo6LNSm84E1LBcE8s3O0wpdiRzyR9z/ZZJMlMWv37qOOb9pdJlMUEKFQ==",
      "license": "MIT",
      "engines": {
        "node": ">=8"
      }
    },
    "node_modules/ansi-styles": {
      "version": "4.3.0",
      "resolved": "https://registry.npmjs.org/ansi-styles/-/ansi-styles-4.3.0.tgz",
      "integrity": "sha512-zbB9rCJAT1rbjiVDb2hqKFHNYLxgtk8NURxZ3IZwD3F6NtxbXZQCnnSi1Lkx+IDohdPlFp222wVALIheZJQSEg==",
      "license": "MIT",
      "dependencies": {
        "color-convert": "^2.0.1"
      },
      "engines": {
        "node": ">=8"
      },
      "funding": {
        "url": "https://github.com/chalk/ansi-styles?sponsor=1"
      }
    },
    "node_modules/bn.js": {
      "version": "5.2.2",
      "resolved": "https://registry.npmjs.org/bn.js/-/bn.js-5.2.2.tgz",
      "integrity": "sha512-v2YAxEmKaBLahNwE1mjp4WON6huMNeuDvagFZW+ASCuA/ku0bXR9hSMw0XpiqMoA3+rmnyck/tPRSFQkoC9Cuw==",
      "license": "MIT"
    },
    "node_modules/cliui": {
      "version": "8.0.1",
      "resolved": "https://registry.npmjs.org/cliui/-/cliui-8.0.1.tgz",
      "integrity": "sha512-BSeNnyus75C4//NQ9gQt1/csTXyo/8Sb+afLAkzAptFuMsod9HFokGNudZpi/oQV73hnVK+sR+5PVRMd+Dr7YQ==",
      "license": "ISC",
      "dependencies": {
        "string-width": "^4.2.0",
        "strip-ansi": "^6.0.1",
        "wrap-ansi": "^7.0.0"
      },
      "engines": {
        "node": ">=12"
      }
    },
    "node_modules/color-convert": {
      "version": "2.0.1",
      "resolved": "https://registry.npmjs.org/color-convert/-/color-convert-2.0.1.tgz",
      "integrity": "sha512-RRECPsj7iu/xb5oKYcsFHSppFNnsj/52OVTRKb4zP5onXwVF3zVmmToNcOfGC+CRDpfK/U584fMg38ZHCaElKQ==",
      "license": "MIT",
      "dependencies": {
        "color-name": "~1.1.4"
      },
      "engines": {
        "node": ">=7.0.0"
      }
    },
    "node_modules/color-name": {
      "version": "1.1.4",
      "resolved": "https://registry.npmjs.org/color-name/-/color-name-1.1.4.tgz",
      "integrity": "sha512-dOy+3AuW3a2wNbZHIuMZpTcgjGuLU/uBL/ubcZF9OXbDo8ff4O8yVp5Bf0efS8uEoYo5q4Fx7dY9OgQGXgAsQA==",
      "license": "MIT"
    },
    "node_modules/emoji-regex": {
      "version": "8.0.0",
      "resolved": "https://registry.npmjs.org/emoji-regex/-/emoji-regex-8.0.0.tgz",
      "integrity": "sha512-MSjYzcWNOA0ewAHpz0MxpYFvwg6yjy1NG3xteoqz644VCo/RPgnr1/GGt+ic3iJTzQ8Eu3TdM14SawnVUmGE6A==",
      "license": "MIT"
    },
    "node_modules/escalade": {
      "version": "3.2.0",
      "resolved": "https://registry.npmjs.org/escalade/-/escalade-3.2.0.tgz",
      "integrity": "sha512-WUj2qlxaQtO4g6Pq5c29GTcWGDyd8itL8zTlipgECz3JesAiiOKotd8JU6otB3PACgG6xkJUyVhboMS+bje/jA==",
      "license": "MIT",
      "engines": {
        "node": ">=6"
      }
    },
    "node_modules/get-caller-file": {
      "version": "2.0.5",
      "resolved": "https://registry.npmjs.org/get-caller-file/-/get-caller-file-2.0.5.tgz",
      "integrity": "sha512-DyFP3BM/3YHTQOCUL/w0OZHR0lpKeGrxotcHWcqNEdnltqFwXVfhEBQ94eIo34AfQpo0rGki4cyIiftY06h2Fg==",
      "license": "ISC",
      "engines": {
        "node": "6.* || 8.* || >= 10.*"
      }
    },
    "node_modules/is-fullwidth-code-point": {
      "version": "3.0.0",
      "resolved": "https://registry.npmjs.org/is-fullwidth-code-point/-/is-fullwidth-code-point-3.0.0.tgz",
      "integrity": "sha512-zymm5+u+sCsSWyD9qNaejV3DFvhCKclKdizYaJUuHA83RLjb7nSuGnddCHGv0hk+KY7BMAlsWeK4Ueg6EV6XQg==",
      "license": "MIT",
      "engines": {
        "node": ">=8"
      }
    },
    "node_modules/require-directory": {
      "version": "2.1.1",
      "resolved": "https://registry.npmjs.org/require-directory/-/require-directory-2.1.1.tgz",
      "integrity": "sha512-fGxEI7+wsG9xrvdjsrlmL22OMTTiHRwAMroiEeMgq8gzoLC/PQr7RsRDSTLUg/bZAZtF+TVIkHc6/4RIKrui+Q==",
      "license": "MIT",
      "engines": {
        "node": ">=0.10.0"
      }
    },
    "node_modules/string-width": {
      "version": "4.2.3",
      "resolved": "https://registry.npmjs.org/string-width/-/string-width-4.2.3.tgz",
      "integrity": "sha512-wKyQRQpjJ0sIp62ErSZdGsjMJWsap5oRNihHhu6G7JVO/9jIB6UyevL+tXuOqrng8j/cxKTWyWUwvSTriiZz/g==",
      "license": "MIT",
      "dependencies": {
        "emoji-regex": "^8.0.0",
        "is-fullwidth-code-point": "^3.0.0",
        "strip-ansi": "^6.0.1"
      },
      "engines": {
        "node": ">=8"
      }
    },
    "node_modules/strip-ansi": {
      "version": "6.0.1",
      "resolved": "https://registry.npmjs.org/strip-ansi/-/strip-ansi-6.0.1.tgz",
      "integrity": "sha512-Y38VPSHcqkFrCpFnQ9vuSXmquuv5oXOKpGeT6aGrr3o3Gc9AlVa6JBfUSOCnbxGGZF+/0ooI7KrPuUSztUdU5A==",
      "license": "MIT",
      "dependencies": {
        "ansi-regex": "^5.0.1"
      },
      "engines": {
        "node": ">=8"
      }
    },
    "node_modules/tslib": {
      "version": "2.8.1",
      "resolved": "https://registry.npmjs.org/tslib/-/tslib-2.8.1.tgz",
      "integrity": "sha512-oJFu94HQb+KVduSUQL7wnpmqnfmLsOA/nAh6b6EH0wCEoK0/mPeXU6c3wKDV83MkOuHPRHtSXKKU99IBazS/2w==",
      "license": "0BSD"
    },
    "node_modules/typescript": {
      "version": "5.9.3",
      "resolved": "https://registry.npmjs.org/typescript/-/typescript-5.9.3.tgz",
      "integrity": "sha512-jl1vZzPDinLr9eUt3J/t7V6FgNEw9QjvBPdysz9KfQDD41fQrC2Y4vKQdiaUpFT4bXlb1RHhLpp8wtm6M5TgSw==",
      "dev": true,
      "license": "Apache-2.0",
      "bin": {
        "tsc": "bin/tsc",
        "tsserver": "bin/tsserver"
      },
      "engines": {
        "node": ">=14.17"
      }
    },
    "node_modules/undici-types": {
      "version": "6.21.0",
      "resolved": "https://registry.npmjs.org/undici-types/-/undici-types-6.21.0.tgz",
      "integrity": "sha512-iwDZqg0QAGrg9Rav5H4n0M64c3mkR59cJ6wQp+7C4nI0gsmExaedaYLNO44eT4AtBBwjbTiGPMlt2Md0T9H9JQ==",
      "license": "MIT"
    },
    "node_modules/wrap-ansi": {
      "version": "7.0.0",
      "resolved": "https://registry.npmjs.org/wrap-ansi/-/wrap-ansi-7.0.0.tgz",
      "integrity": "sha512-YVGIj2kamLSTxw6NsZjoBxfSwsn0ycdesmc4p+Q21c5zPuZ1pl+NfxVdxPtdHvmNVOQ6XSYG4AUtyt/Fi7D16Q==",
      "license": "MIT",
      "dependencies": {
        "ansi-styles": "^4.0.0",
        "string-width": "^4.1.0",
        "strip-ansi": "^6.0.0"
      },
      "engines": {
        "node": ">=10"
      },
      "funding": {
        "url": "https://github.com/chalk/wrap-ansi?sponsor=1"
      }
    },
    "node_modules/y18n": {
      "version": "5.0.8",
      "resolved": "https://registry.npmjs.org/y18n/-/y18n-5.0.8.tgz",
      "integrity": "sha512-0pfFzegeDWJHJIAmTLRP2DwHjdF5s7jo9tuztdQxAhINCdvS+3nGINqPd00AphqJR/0LhANUS6/+7SCb98YOfA==",
      "license": "ISC",
      "engines": {
        "node": ">=10"
      }
    },
    "node_modules/yargs": {
      "version": "17.7.2",
      "resolved": "https://registry.npmjs.org/yargs/-/yargs-17.7.2.tgz",
      "integrity": "sha512-7dSzzRQ++CKnNI/krKnYRV7JKKPUXMEh61soaHKg9mrWEhzFWhFnxPxGl+69cD1Ou63C13NUPCnmIcrvqCuM6w==",
      "license": "MIT",
      "dependencies": {
        "cliui": "^8.0.1",
        "escalade": "^3.1.1",
        "get-caller-file": "^2.0.5",
        "require-directory": "^2.1.1",
        "string-width": "^4.2.3",
        "y18n": "^5.0.5",
        "yargs-parser": "^21.1.1"
      },
      "engines": {
        "node": ">=12"
      }
    },
    "node_modules/yargs-parser": {
      "version": "21.1.1",
      "resolved": "https://registry.npmjs.org/yargs-parser/-/yargs-parser-21.1.1.tgz",
      "integrity": "sha512-tVpsJW7DdjecAiFpbIB1e3qxIQsE6NoPc5/eTdrbbIC4h0LVsWhnoa3g+m2HclBIujHzsxZ4VJVA+GUuc2/LBw==",
      "license": "ISC",
      "engines": {
        "node": ">=12"
      }
    }
  }
}
